// !$*UTF8*$!
{
	archiveVersion = 1;
	classes = {
	};
	objectVersion = 50;
	objects = {

/* Begin PBXBuildFile section */
		13095182247D62A500E32DF1 /* AppDelegate.swift in Sources */ = {isa = PBXBuildFile; fileRef = 13095181247D62A500E32DF1 /* AppDelegate.swift */; };
		13095184247D62A500E32DF1 /* SceneDelegate.swift in Sources */ = {isa = PBXBuildFile; fileRef = 13095183247D62A500E32DF1 /* SceneDelegate.swift */; };
		13095186247D62A500E32DF1 /* ContentView.swift in Sources */ = {isa = PBXBuildFile; fileRef = 13095185247D62A500E32DF1 /* ContentView.swift */; };
		13095188247D62A600E32DF1 /* Assets.xcassets in Resources */ = {isa = PBXBuildFile; fileRef = 13095187247D62A600E32DF1 /* Assets.xcassets */; };
		1309518B247D62A600E32DF1 /* Preview Assets.xcassets in Resources */ = {isa = PBXBuildFile; fileRef = 1309518A247D62A600E32DF1 /* Preview Assets.xcassets */; };
		1309518E247D62A600E32DF1 /* LaunchScreen.storyboard in Resources */ = {isa = PBXBuildFile; fileRef = 1309518C247D62A600E32DF1 /* LaunchScreen.storyboard */; };
		13095199247D62A600E32DF1 /* todoAppTests.swift in Sources */ = {isa = PBXBuildFile; fileRef = 13095198247D62A600E32DF1 /* todoAppTests.swift */; };
		130951A4247D62A600E32DF1 /* todoAppUITests.swift in Sources */ = {isa = PBXBuildFile; fileRef = 130951A3247D62A600E32DF1 /* todoAppUITests.swift */; };
/* End PBXBuildFile section */

/* Begin PBXContainerItemProxy section */
		13095195247D62A600E32DF1 /* PBXContainerItemProxy */ = {
			isa = PBXContainerItemProxy;
			containerPortal = 13095176247D62A500E32DF1 /* Project object */;
			proxyType = 1;
			remoteGlobalIDString = 1309517D247D62A500E32DF1;
			remoteInfo = todoApp;
		};
		130951A0247D62A600E32DF1 /* PBXContainerItemProxy */ = {
			isa = PBXContainerItemProxy;
			containerPortal = 13095176247D62A500E32DF1 /* Project object */;
			proxyType = 1;
			remoteGlobalIDString = 1309517D247D62A500E32DF1;
			remoteInfo = todoApp;
		};
/* End PBXContainerItemProxy section */

/* Begin PBXFileReference section */
		1309517E247D62A500E32DF1 /* todoApp.app */ = {isa = PBXFileReference; explicitFileType = wrapper.application; includeInIndex = 0; path = todoApp.app; sourceTree = BUILT_PRODUCTS_DIR; };
		13095181247D62A500E32DF1 /* AppDelegate.swift */ = {isa = PBXFileReference; lastKnownFileType = sourcecode.swift; path = AppDelegate.swift; sourceTree = "<group>"; };
		13095183247D62A500E32DF1 /* SceneDelegate.swift */ = {isa = PBXFileReference; lastKnownFileType = sourcecode.swift; path = SceneDelegate.swift; sourceTree = "<group>"; };
		13095185247D62A500E32DF1 /* ContentView.swift */ = {isa = PBXFileReference; lastKnownFileType = sourcecode.swift; path = ContentView.swift; sourceTree = "<group>"; };
		13095187247D62A600E32DF1 /* Assets.xcassets */ = {isa = PBXFileReference; lastKnownFileType = folder.assetcatalog; path = Assets.xcassets; sourceTree = "<group>"; };
		1309518A247D62A600E32DF1 /* Preview Assets.xcassets */ = {isa = PBXFileReference; lastKnownFileType = folder.assetcatalog; path = "Preview Assets.xcassets"; sourceTree = "<group>"; };
		1309518D247D62A600E32DF1 /* Base */ = {isa = PBXFileReference; lastKnownFileType = file.storyboard; name = Base; path = Base.lproj/LaunchScreen.storyboard; sourceTree = "<group>"; };
		1309518F247D62A600E32DF1 /* Info.plist */ = {isa = PBXFileReference; lastKnownFileType = text.plist.xml; path = Info.plist; sourceTree = "<group>"; };
		13095194247D62A600E32DF1 /* todoAppTests.xctest */ = {isa = PBXFileReference; explicitFileType = wrapper.cfbundle; includeInIndex = 0; path = todoAppTests.xctest; sourceTree = BUILT_PRODUCTS_DIR; };
		13095198247D62A600E32DF1 /* todoAppTests.swift */ = {isa = PBXFileReference; lastKnownFileType = sourcecode.swift; path = todoAppTests.swift; sourceTree = "<group>"; };
		1309519A247D62A600E32DF1 /* Info.plist */ = {isa = PBXFileReference; lastKnownFileType = text.plist.xml; path = Info.plist; sourceTree = "<group>"; };
		1309519F247D62A600E32DF1 /* todoAppUITests.xctest */ = {isa = PBXFileReference; explicitFileType = wrapper.cfbundle; includeInIndex = 0; path = todoAppUITests.xctest; sourceTree = BUILT_PRODUCTS_DIR; };
		130951A3247D62A600E32DF1 /* todoAppUITests.swift */ = {isa = PBXFileReference; lastKnownFileType = sourcecode.swift; path = todoAppUITests.swift; sourceTree = "<group>"; };
		130951A5247D62A600E32DF1 /* Info.plist */ = {isa = PBXFileReference; lastKnownFileType = text.plist.xml; path = Info.plist; sourceTree = "<group>"; };
/* End PBXFileReference section */

/* Begin PBXFrameworksBuildPhase section */
		1309517B247D62A500E32DF1 /* Frameworks */ = {
			isa = PBXFrameworksBuildPhase;
			buildActionMask = 2147483647;
			files = (
			);
			runOnlyForDeploymentPostprocessing = 0;
		};
		13095191247D62A600E32DF1 /* Frameworks */ = {
			isa = PBXFrameworksBuildPhase;
			buildActionMask = 2147483647;
			files = (
			);
			runOnlyForDeploymentPostprocessing = 0;
		};
		1309519C247D62A600E32DF1 /* Frameworks */ = {
			isa = PBXFrameworksBuildPhase;
			buildActionMask = 2147483647;
			files = (
			);
			runOnlyForDeploymentPostprocessing = 0;
		};
/* End PBXFrameworksBuildPhase section */

/* Begin PBXGroup section */
		13095175247D62A500E32DF1 = {
			isa = PBXGroup;
			children = (
				13095180247D62A500E32DF1 /* todoApp */,
				13095197247D62A600E32DF1 /* todoAppTests */,
				130951A2247D62A600E32DF1 /* todoAppUITests */,
				1309517F247D62A500E32DF1 /* Products */,
			);
			sourceTree = "<group>";
		};
		1309517F247D62A500E32DF1 /* Products */ = {
			isa = PBXGroup;
			children = (
				1309517E247D62A500E32DF1 /* todoApp.app */,
				13095194247D62A600E32DF1 /* todoAppTests.xctest */,
				1309519F247D62A600E32DF1 /* todoAppUITests.xctest */,
			);
			name = Products;
			sourceTree = "<group>";
		};
		13095180247D62A500E32DF1 /* todoApp */ = {
			isa = PBXGroup;
			children = (
				13095181247D62A500E32DF1 /* AppDelegate.swift */,
				13095183247D62A500E32DF1 /* SceneDelegate.swift */,
				13095185247D62A500E32DF1 /* ContentView.swift */,
				13095187247D62A600E32DF1 /* Assets.xcassets */,
				1309518C247D62A600E32DF1 /* LaunchScreen.storyboard */,
				1309518F247D62A600E32DF1 /* Info.plist */,
				13095189247D62A600E32DF1 /* Preview Content */,
			);
			path = todoApp;
			sourceTree = "<group>";
		};
		13095189247D62A600E32DF1 /* Preview Content */ = {
			isa = PBXGroup;
			children = (
				1309518A247D62A600E32DF1 /* Preview Assets.xcassets */,
			);
			path = "Preview Content";
			sourceTree = "<group>";
		};
		13095197247D62A600E32DF1 /* todoAppTests */ = {
			isa = PBXGroup;
			children = (
				13095198247D62A600E32DF1 /* todoAppTests.swift */,
				1309519A247D62A600E32DF1 /* Info.plist */,
			);
			path = todoAppTests;
			sourceTree = "<group>";
		};
		130951A2247D62A600E32DF1 /* todoAppUITests */ = {
			isa = PBXGroup;
			children = (
				130951A3247D62A600E32DF1 /* todoAppUITests.swift */,
				130951A5247D62A600E32DF1 /* Info.plist */,
			);
			path = todoAppUITests;
			sourceTree = "<group>";
		};
/* End PBXGroup section */

/* Begin PBXNativeTarget section */
		1309517D247D62A500E32DF1 /* todoApp */ = {
			isa = PBXNativeTarget;
			buildConfigurationList = 130951A8247D62A600E32DF1 /* Build configuration list for PBXNativeTarget "todoApp" */;
			buildPhases = (
				1309517A247D62A500E32DF1 /* Sources */,
				1309517B247D62A500E32DF1 /* Frameworks */,
				1309517C247D62A500E32DF1 /* Resources */,
			);
			buildRules = (
			);
			dependencies = (
			);
			name = todoApp;
			productName = todoApp;
			productReference = 1309517E247D62A500E32DF1 /* todoApp.app */;
			productType = "com.apple.product-type.application";
		};
		13095193247D62A600E32DF1 /* todoAppTests */ = {
			isa = PBXNativeTarget;
			buildConfigurationList = 130951AB247D62A600E32DF1 /* Build configuration list for PBXNativeTarget "todoAppTests" */;
			buildPhases = (
				13095190247D62A600E32DF1 /* Sources */,
				13095191247D62A600E32DF1 /* Frameworks */,
				13095192247D62A600E32DF1 /* Resources */,
			);
			buildRules = (
			);
			dependencies = (
				13095196247D62A600E32DF1 /* PBXTargetDependency */,
			);
			name = todoAppTests;
			productName = todoAppTests;
			productReference = 13095194247D62A600E32DF1 /* todoAppTests.xctest */;
			productType = "com.apple.product-type.bundle.unit-test";
		};
		1309519E247D62A600E32DF1 /* todoAppUITests */ = {
			isa = PBXNativeTarget;
			buildConfigurationList = 130951AE247D62A600E32DF1 /* Build configuration list for PBXNativeTarget "todoAppUITests" */;
			buildPhases = (
				1309519B247D62A600E32DF1 /* Sources */,
				1309519C247D62A600E32DF1 /* Frameworks */,
				1309519D247D62A600E32DF1 /* Resources */,
			);
			buildRules = (
			);
			dependencies = (
				130951A1247D62A600E32DF1 /* PBXTargetDependency */,
			);
			name = todoAppUITests;
			productName = todoAppUITests;
			productReference = 1309519F247D62A600E32DF1 /* todoAppUITests.xctest */;
			productType = "com.apple.product-type.bundle.ui-testing";
		};
/* End PBXNativeTarget section */

/* Begin PBXProject section */
		13095176247D62A500E32DF1 /* Project object */ = {
			isa = PBXProject;
			attributes = {
				LastSwiftUpdateCheck = 1150;
				LastUpgradeCheck = 1150;
				ORGANIZATIONNAME = "Jiho Yang";
				TargetAttributes = {
					1309517D247D62A500E32DF1 = {
						CreatedOnToolsVersion = 11.5;
					};
					13095193247D62A600E32DF1 = {
						CreatedOnToolsVersion = 11.5;
						TestTargetID = 1309517D247D62A500E32DF1;
					};
					1309519E247D62A600E32DF1 = {
						CreatedOnToolsVersion = 11.5;
						TestTargetID = 1309517D247D62A500E32DF1;
					};
				};
			};
			buildConfigurationList = 13095179247D62A500E32DF1 /* Build configuration list for PBXProject "todoApp" */;
			compatibilityVersion = "Xcode 9.3";
			developmentRegion = en;
			hasScannedForEncodings = 0;
			knownRegions = (
				en,
				Base,
			);
			mainGroup = 13095175247D62A500E32DF1;
			productRefGroup = 1309517F247D62A500E32DF1 /* Products */;
			projectDirPath = "";
			projectRoot = "";
			targets = (
				1309517D247D62A500E32DF1 /* todoApp */,
				13095193247D62A600E32DF1 /* todoAppTests */,
				1309519E247D62A600E32DF1 /* todoAppUITests */,
			);
		};
/* End PBXProject section */

/* Begin PBXResourcesBuildPhase section */
		1309517C247D62A500E32DF1 /* Resources */ = {
			isa = PBXResourcesBuildPhase;
			buildActionMask = 2147483647;
			files = (
				1309518E247D62A600E32DF1 /* LaunchScreen.storyboard in Resources */,
				1309518B247D62A600E32DF1 /* Preview Assets.xcassets in Resources */,
				13095188247D62A600E32DF1 /* Assets.xcassets in Resources */,
			);
			runOnlyForDeploymentPostprocessing = 0;
		};
		13095192247D62A600E32DF1 /* Resources */ = {
			isa = PBXResourcesBuildPhase;
			buildActionMask = 2147483647;
			files = (
			);
			runOnlyForDeploymentPostprocessing = 0;
		};
		1309519D247D62A600E32DF1 /* Resources */ = {
			isa = PBXResourcesBuildPhase;
			buildActionMask = 2147483647;
			files = (
			);
			runOnlyForDeploymentPostprocessing = 0;
		};
/* End PBXResourcesBuildPhase section */

/* Begin PBXSourcesBuildPhase section */
		1309517A247D62A500E32DF1 /* Sources */ = {
			isa = PBXSourcesBuildPhase;
			buildActionMask = 2147483647;
			files = (
				13095182247D62A500E32DF1 /* AppDelegate.swift in Sources */,
				13095184247D62A500E32DF1 /* SceneDelegate.swift in Sources */,
				13095186247D62A500E32DF1 /* ContentView.swift in Sources */,
			);
			runOnlyForDeploymentPostprocessing = 0;
		};
		13095190247D62A600E32DF1 /* Sources */ = {
			isa = PBXSourcesBuildPhase;
			buildActionMask = 2147483647;
			files = (
				13095199247D62A600E32DF1 /* todoAppTests.swift in Sources */,
			);
			runOnlyForDeploymentPostprocessing = 0;
		};
		1309519B247D62A600E32DF1 /* Sources */ = {
			isa = PBXSourcesBuildPhase;
			buildActionMask = 2147483647;
			files = (
				130951A4247D62A600E32DF1 /* todoAppUITests.swift in Sources */,
			);
			runOnlyForDeploymentPostprocessing = 0;
		};
/* End PBXSourcesBuildPhase section */

/* Begin PBXTargetDependency section */
		13095196247D62A600E32DF1 /* PBXTargetDependency */ = {
			isa = PBXTargetDependency;
			target = 1309517D247D62A500E32DF1 /* todoApp */;
			targetProxy = 13095195247D62A600E32DF1 /* PBXContainerItemProxy */;
		};
		130951A1247D62A600E32DF1 /* PBXTargetDependency */ = {
			isa = PBXTargetDependency;
			target = 1309517D247D62A500E32DF1 /* todoApp */;
			targetProxy = 130951A0247D62A600E32DF1 /* PBXContainerItemProxy */;
		};
/* End PBXTargetDependency section */

/* Begin PBXVariantGroup section */
		1309518C247D62A600E32DF1 /* LaunchScreen.storyboard */ = {
			isa = PBXVariantGroup;
			children = (
				1309518D247D62A600E32DF1 /* Base */,
			);
			name = LaunchScreen.storyboard;
			sourceTree = "<group>";
		};
/* End PBXVariantGroup section */

/* Begin XCBuildConfiguration section */
		130951A6247D62A600E32DF1 /* Debug */ = {
			isa = XCBuildConfiguration;
			buildSettings = {
				ALWAYS_SEARCH_USER_PATHS = NO;
				CLANG_ANALYZER_NONNULL = YES;
				CLANG_ANALYZER_NUMBER_OBJECT_CONVERSION = YES_AGGRESSIVE;
				CLANG_CXX_LANGUAGE_STANDARD = "gnu++14";
				CLANG_CXX_LIBRARY = "libc++";
				CLANG_ENABLE_MODULES = YES;
				CLANG_ENABLE_OBJC_ARC = YES;
				CLANG_ENABLE_OBJC_WEAK = YES;
				CLANG_WARN_BLOCK_CAPTURE_AUTORELEASING = YES;
				CLANG_WARN_BOOL_CONVERSION = YES;
				CLANG_WARN_COMMA = YES;
				CLANG_WARN_CONSTANT_CONVERSION = YES;
				CLANG_WARN_DEPRECATED_OBJC_IMPLEMENTATIONS = YES;
				CLANG_WARN_DIRECT_OBJC_ISA_USAGE = YES_ERROR;
				CLANG_WARN_DOCUMENTATION_COMMENTS = YES;
				CLANG_WARN_EMPTY_BODY = YES;
				CLANG_WARN_ENUM_CONVERSION = YES;
				CLANG_WARN_INFINITE_RECURSION = YES;
				CLANG_WARN_INT_CONVERSION = YES;
				CLANG_WARN_NON_LITERAL_NULL_CONVERSION = YES;
				CLANG_WARN_OBJC_IMPLICIT_RETAIN_SELF = YES;
				CLANG_WARN_OBJC_LITERAL_CONVERSION = YES;
				CLANG_WARN_OBJC_ROOT_CLASS = YES_ERROR;
				CLANG_WARN_RANGE_LOOP_ANALYSIS = YES;
				CLANG_WARN_STRICT_PROTOTYPES = YES;
				CLANG_WARN_SUSPICIOUS_MOVE = YES;
				CLANG_WARN_UNGUARDED_AVAILABILITY = YES_AGGRESSIVE;
				CLANG_WARN_UNREACHABLE_CODE = YES;
				CLANG_WARN__DUPLICATE_METHOD_MATCH = YES;
				COPY_PHASE_STRIP = NO;
				DEBUG_INFORMATION_FORMAT = dwarf;
				ENABLE_STRICT_OBJC_MSGSEND = YES;
				ENABLE_TESTABILITY = YES;
				GCC_C_LANGUAGE_STANDARD = gnu11;
				GCC_DYNAMIC_NO_PIC = NO;
				GCC_NO_COMMON_BLOCKS = YES;
				GCC_OPTIMIZATION_LEVEL = 0;
				GCC_PREPROCESSOR_DEFINITIONS = (
					"DEBUG=1",
					"$(inherited)",
				);
				GCC_WARN_64_TO_32_BIT_CONVERSION = YES;
				GCC_WARN_ABOUT_RETURN_TYPE = YES_ERROR;
				GCC_WARN_UNDECLARED_SELECTOR = YES;
				GCC_WARN_UNINITIALIZED_AUTOS = YES_AGGRESSIVE;
				GCC_WARN_UNUSED_FUNCTION = YES;
				GCC_WARN_UNUSED_VARIABLE = YES;
				IPHONEOS_DEPLOYMENT_TARGET = 13.5;
				MTL_ENABLE_DEBUG_INFO = INCLUDE_SOURCE;
				MTL_FAST_MATH = YES;
				ONLY_ACTIVE_ARCH = YES;
				SDKROOT = iphoneos;
				SWIFT_ACTIVE_COMPILATION_CONDITIONS = DEBUG;
				SWIFT_OPTIMIZATION_LEVEL = "-Onone";
			};
			name = Debug;
		};
		130951A7247D62A600E32DF1 /* Release */ = {
			isa = XCBuildConfiguration;
			buildSettings = {
				ALWAYS_SEARCH_USER_PATHS = NO;
				CLANG_ANALYZER_NONNULL = YES;
				CLANG_ANALYZER_NUMBER_OBJECT_CONVERSION = YES_AGGRESSIVE;
				CLANG_CXX_LANGUAGE_STANDARD = "gnu++14";
				CLANG_CXX_LIBRARY = "libc++";
				CLANG_ENABLE_MODULES = YES;
				CLANG_ENABLE_OBJC_ARC = YES;
				CLANG_ENABLE_OBJC_WEAK = YES;
				CLANG_WARN_BLOCK_CAPTURE_AUTORELEASING = YES;
				CLANG_WARN_BOOL_CONVERSION = YES;
				CLANG_WARN_COMMA = YES;
				CLANG_WARN_CONSTANT_CONVERSION = YES;
				CLANG_WARN_DEPRECATED_OBJC_IMPLEMENTATIONS = YES;
				CLANG_WARN_DIRECT_OBJC_ISA_USAGE = YES_ERROR;
				CLANG_WARN_DOCUMENTATION_COMMENTS = YES;
				CLANG_WARN_EMPTY_BODY = YES;
				CLANG_WARN_ENUM_CONVERSION = YES;
				CLANG_WARN_INFINITE_RECURSION = YES;
				CLANG_WARN_INT_CONVERSION = YES;
				CLANG_WARN_NON_LITERAL_NULL_CONVERSION = YES;
				CLANG_WARN_OBJC_IMPLICIT_RETAIN_SELF = YES;
				CLANG_WARN_OBJC_LITERAL_CONVERSION = YES;
				CLANG_WARN_OBJC_ROOT_CLASS = YES_ERROR;
				CLANG_WARN_RANGE_LOOP_ANALYSIS = YES;
				CLANG_WARN_STRICT_PROTOTYPES = YES;
				CLANG_WARN_SUSPICIOUS_MOVE = YES;
				CLANG_WARN_UNGUARDED_AVAILABILITY = YES_AGGRESSIVE;
				CLANG_WARN_UNREACHABLE_CODE = YES;
				CLANG_WARN__DUPLICATE_METHOD_MATCH = YES;
				COPY_PHASE_STRIP = NO;
				DEBUG_INFORMATION_FORMAT = "dwarf-with-dsym";
				ENABLE_NS_ASSERTIONS = NO;
				ENABLE_STRICT_OBJC_MSGSEND = YES;
				GCC_C_LANGUAGE_STANDARD = gnu11;
				GCC_NO_COMMON_BLOCKS = YES;
				GCC_WARN_64_TO_32_BIT_CONVERSION = YES;
				GCC_WARN_ABOUT_RETURN_TYPE = YES_ERROR;
				GCC_WARN_UNDECLARED_SELECTOR = YES;
				GCC_WARN_UNINITIALIZED_AUTOS = YES_AGGRESSIVE;
				GCC_WARN_UNUSED_FUNCTION = YES;
				GCC_WARN_UNUSED_VARIABLE = YES;
				IPHONEOS_DEPLOYMENT_TARGET = 13.5;
				MTL_ENABLE_DEBUG_INFO = NO;
				MTL_FAST_MATH = YES;
				SDKROOT = iphoneos;
				SWIFT_COMPILATION_MODE = wholemodule;
				SWIFT_OPTIMIZATION_LEVEL = "-O";
				VALIDATE_PRODUCT = YES;
			};
			name = Release;
		};
		130951A9247D62A600E32DF1 /* Debug */ = {
			isa = XCBuildConfiguration;
			buildSettings = {
				ASSETCATALOG_COMPILER_APPICON_NAME = AppIcon;
				CODE_SIGN_STYLE = Automatic;
				DEVELOPMENT_ASSET_PATHS = "\"todoApp/Preview Content\"";
				ENABLE_PREVIEWS = YES;
				INFOPLIST_FILE = todoApp/Info.plist;
				LD_RUNPATH_SEARCH_PATHS = (
					"$(inherited)",
					"@executable_path/Frameworks",
				);
				PRODUCT_BUNDLE_IDENTIFIER = JihoYang.todoApp;
				PRODUCT_NAME = "$(TARGET_NAME)";
				SWIFT_VERSION = 5.0;
				TARGETED_DEVICE_FAMILY = "1,2";
			};
			name = Debug;
		};
		130951AA247D62A600E32DF1 /* Release */ = {
			isa = XCBuildConfiguration;
			buildSettings = {
				ASSETCATALOG_COMPILER_APPICON_NAME = AppIcon;
				CODE_SIGN_STYLE = Automatic;
				DEVELOPMENT_ASSET_PATHS = "\"todoApp/Preview Content\"";
				ENABLE_PREVIEWS = YES;
				INFOPLIST_FILE = todoApp/Info.plist;
				LD_RUNPATH_SEARCH_PATHS = (
					"$(inherited)",
					"@executable_path/Frameworks",
				);
				PRODUCT_BUNDLE_IDENTIFIER = JihoYang.todoApp;
				PRODUCT_NAME = "$(TARGET_NAME)";
				SWIFT_VERSION = 5.0;
				TARGETED_DEVICE_FAMILY = "1,2";
			};
			name = Release;
		};
		130951AC247D62A600E32DF1 /* Debug */ = {
			isa = XCBuildConfiguration;
			buildSettings = {
				ALWAYS_EMBED_SWIFT_STANDARD_LIBRARIES = YES;
				BUNDLE_LOADER = "$(TEST_HOST)";
				CODE_SIGN_STYLE = Automatic;
				INFOPLIST_FILE = todoAppTests/Info.plist;
				IPHONEOS_DEPLOYMENT_TARGET = 13.5;
				LD_RUNPATH_SEARCH_PATHS = (
					"$(inherited)",
					"@executable_path/Frameworks",
					"@loader_path/Frameworks",
				);
				PRODUCT_BUNDLE_IDENTIFIER = JihoYang.todoAppTests;
				PRODUCT_NAME = "$(TARGET_NAME)";
				SWIFT_VERSION = 5.0;
				TARGETED_DEVICE_FAMILY = "1,2";
				TEST_HOST = "$(BUILT_PRODUCTS_DIR)/todoApp.app/todoApp";
			};
			name = Debug;
		};
		130951AD247D62A600E32DF1 /* Release */ = {
			isa = XCBuildConfiguration;
			buildSettings = {
				ALWAYS_EMBED_SWIFT_STANDARD_LIBRARIES = YES;
				BUNDLE_LOADER = "$(TEST_HOST)";
				CODE_SIGN_STYLE = Automatic;
				INFOPLIST_FILE = todoAppTests/Info.plist;
				IPHONEOS_DEPLOYMENT_TARGET = 13.5;
				LD_RUNPATH_SEARCH_PATHS = (
					"$(inherited)",
					"@executable_path/Frameworks",
					"@loader_path/Frameworks",
				);
				PRODUCT_BUNDLE_IDENTIFIER = JihoYang.todoAppTests;
				PRODUCT_NAME = "$(TARGET_NAME)";
				SWIFT_VERSION = 5.0;
				TARGETED_DEVICE_FAMILY = "1,2";
				TEST_HOST = "$(BUILT_PRODUCTS_DIR)/todoApp.app/todoApp";
			};
			name = Release;
		};
		130951AF247D62A600E32DF1 /* Debug */ = {
			isa = XCBuildConfiguration;
			buildSettings = {
				ALWAYS_EMBED_SWIFT_STANDARD_LIBRARIES = YES;
				CODE_SIGN_STYLE = Automatic;
				INFOPLIST_FILE = todoAppUITests/Info.plist;
				LD_RUNPATH_SEARCH_PATHS = (
					"$(inherited)",
					"@executable_path/Frameworks",
					"@loader_path/Frameworks",
				);
				PRODUCT_BUNDLE_IDENTIFIER = JihoYang.todoAppUITests;
				PRODUCT_NAME = "$(TARGET_NAME)";
				SWIFT_VERSION = 5.0;
				TARGETED_DEVICE_FAMILY = "1,2";
				TEST_TARGET_NAME = todoApp;
			};
			name = Debug;
		};
		130951B0247D62A600E32DF1 /* Release */ = {
			isa = XCBuildConfiguration;
			buildSettings = {
				ALWAYS_EMBED_SWIFT_STANDARD_LIBRARIES = YES;
				CODE_SIGN_STYLE = Automatic;
				INFOPLIST_FILE = todoAppUITests/Info.plist;
				LD_RUNPATH_SEARCH_PATHS = (
					"$(inherited)",
					"@executable_path/Frameworks",
					"@loader_path/Frameworks",
				);
				PRODUCT_BUNDLE_IDENTIFIER = JihoYang.todoAppUITests;
				PRODUCT_NAME = "$(TARGET_NAME)";
				SWIFT_VERSION = 5.0;
				TARGETED_DEVICE_FAMILY = "1,2";
				TEST_TARGET_NAME = todoApp;
			};
			name = Release;
		};
/* End XCBuildConfiguration section */

/* Begin XCConfigurationList section */
		13095179247D62A500E32DF1 /* Build configuration list for PBXProject "todoApp" */ = {
			isa = XCConfigurationList;
			buildConfigurations = (
				130951A6247D62A600E32DF1 /* Debug */,
				130951A7247D62A600E32DF1 /* Release */,
			);
			defaultConfigurationIsVisible = 0;
			defaultConfigurationName = Release;
		};
		130951A8247D62A600E32DF1 /* Build configuration list for PBXNativeTarget "todoApp" */ = {
			isa = XCConfigurationList;
			buildConfigurations = (
				130951A9247D62A600E32DF1 /* Debug */,
				130951AA247D62A600E32DF1 /* Release */,
			);
			defaultConfigurationIsVisible = 0;
			defaultConfigurationName = Release;
		};
		130951AB247D62A600E32DF1 /* Build configuration list for PBXNativeTarget "todoAppTests" */ = {
			isa = XCConfigurationList;
			buildConfigurations = (
				130951AC247D62A600E32DF1 /* Debug */,
				130951AD247D62A600E32DF1 /* Release */,
			);
			defaultConfigurationIsVisible = 0;
			defaultConfigurationName = Release;
		};
		130951AE247D62A600E32DF1 /* Build configuration list for PBXNativeTarget "todoAppUITests" */ = {
			isa = XCConfigurationList;
			buildConfigurations = (
				130951AF247D62A600E32DF1 /* Debug */,
				130951B0247D62A600E32DF1 /* Release */,
			);
			defaultConfigurationIsVisible = 0;
			defaultConfigurationName = Release;
		};
/* End XCConfigurationList section */
	};
	rootObject = 13095176247D62A500E32DF1 /* Project object */;
}
